// !$*UTF8*$!
{
	archiveVersion = 1;
	classes = {
	};
	objectVersion = 54;
	objects = {

/* Begin PBXBuildFile section */
		0C80B921A6F3F58F76C31292 /* libPods-hmdrinks.a in Frameworks */ = {isa = PBXBuildFile; fileRef = 5DCACB8F33CDC322A6C60F78 /* libPods-hmdrinks.a */; };
		13B07FBF1A68108700A75B9A /* Images.xcassets in Resources */ = {isa = PBXBuildFile; fileRef = 13B07FB51A68108700A75B9A /* Images.xcassets */; };
		761780ED2CA45674006654EE /* AppDelegate.swift in Sources */ = {isa = PBXBuildFile; fileRef = 761780EC2CA45674006654EE /* AppDelegate.swift */; };
		81AB9BB82411601600AC10FF /* LaunchScreen.storyboard in Resources */ = {isa = PBXBuildFile; fileRef = 81AB9BB72411601600AC10FF /* LaunchScreen.storyboard */; };
		BCE903C323AB45EC95D3C664 /* app_icons.ttf in Resources */ = {isa = PBXBuildFile; fileRef = 4032EAA73D3C43B6A906AF31 /* app_icons.ttf */; };
		4342C07C70F149B1AAEBB8A7 /* Inder-Regular.ttf in Resources */ = {isa = PBXBuildFile; fileRef = F01D472B3BFF4B21B87B560F /* Inder-Regular.ttf */; };
		71A4B57000F54D7A8B0A0168 /* Inter-Black.ttf in Resources */ = {isa = PBXBuildFile; fileRef = DBFF88992DA5447EAD6C8B49 /* Inter-Black.ttf */; };
		45F8B1C3E09A42DF94F5B134 /* Inter-Bold.ttf in Resources */ = {isa = PBXBuildFile; fileRef = A5303DDEAE134718B7C41871 /* Inter-Bold.ttf */; };
		FDC6892385874A98A8762444 /* Inter-ExtraBold.ttf in Resources */ = {isa = PBXBuildFile; fileRef = 5F34711FC6CC42F2A8B34355 /* Inter-ExtraBold.ttf */; };
		C1EA82A47D2B40B8ACAE672B /* Inter-ExtraLight.ttf in Resources */ = {isa = PBXBuildFile; fileRef = FBBEC0CFF18F4FB18E5E92E5 /* Inter-ExtraLight.ttf */; };
		4B35E5B3A2CD4323AC403F5B /* Inter-Light.ttf in Resources */ = {isa = PBXBuildFile; fileRef = 91519DE12FC842CAAD277DCD /* Inter-Light.ttf */; };
		BE130A4683EE484388588D1E /* Inter-Medium.ttf in Resources */ = {isa = PBXBuildFile; fileRef = 580CC91751484C7094FAAF6E /* Inter-Medium.ttf */; };
		43F16AAB0B554B0DAFDEC3D3 /* Inter-Regular.ttf in Resources */ = {isa = PBXBuildFile; fileRef = 00477D82411C4A4FA58C748F /* Inter-Regular.ttf */; };
		88DBA15BC12C4BBF960D6934 /* Inter-SemiBold.ttf in Resources */ = {isa = PBXBuildFile; fileRef = 2433B4BAEEBF4B7BAF3F6F81 /* Inter-SemiBold.ttf */; };
		08FF934A1BEF4A95BDEFEA50 /* Inter-Thin.ttf in Resources */ = {isa = PBXBuildFile; fileRef = 3DD5265216ED468CB6CB3C60 /* Inter-Thin.ttf */; };
		7587E3C1432545C8AC868FFB /* Lobster-Regular.ttf in Resources */ = {isa = PBXBuildFile; fileRef = 9D12C7964D8B4350B73294A2 /* Lobster-Regular.ttf */; };
		F2F72BF4CD894F4FBE3AB9D2 /* Poppins-Black.ttf in Resources */ = {isa = PBXBuildFile; fileRef = E3B4895771F343AFBAFA064D /* Poppins-Black.ttf */; };
		A538FCBFA74143FC9220F4A4 /* Poppins-Bold.ttf in Resources */ = {isa = PBXBuildFile; fileRef = A7ED2D7D432F4974A9950FB8 /* Poppins-Bold.ttf */; };
		2CF72C7746F34CF6B45BDE52 /* Poppins-ExtraBold.ttf in Resources */ = {isa = PBXBuildFile; fileRef = 1E65708D830E4DB1B9F03EBA /* Poppins-ExtraBold.ttf */; };
		1B5D9DE5A3344F1F932E5516 /* Poppins-ExtraLight.ttf in Resources */ = {isa = PBXBuildFile; fileRef = 7434430603D64D80991DF18E /* Poppins-ExtraLight.ttf */; };
		1FDD78E6FB794632866A5DFF /* Poppins-Light.ttf in Resources */ = {isa = PBXBuildFile; fileRef = 2504D4470E3F4F9DB89C1123 /* Poppins-Light.ttf */; };
		411ACCA6A1694F129B0771B7 /* Poppins-Medium.ttf in Resources */ = {isa = PBXBuildFile; fileRef = 90DBAA8C4A504F6DACBE2FDF /* Poppins-Medium.ttf */; };
		487DDCE90C8F4089BCCF9C1A /* Poppins-Regular.ttf in Resources */ = {isa = PBXBuildFile; fileRef = 961046964A874C6B9AA5C14D /* Poppins-Regular.ttf */; };
		A9FBABFBE983431D8D2ACBE0 /* Poppins-SemiBold.ttf in Resources */ = {isa = PBXBuildFile; fileRef = EDA598854FC64D84B430CC92 /* Poppins-SemiBold.ttf */; };
		C749D94AD0244DF8A835F44E /* Poppins-Thin.ttf in Resources */ = {isa = PBXBuildFile; fileRef = 58DC8B4CCF3B4453888FA3AF /* Poppins-Thin.ttf */; };
		E80CF73C47664BD5AF4E9CAB /* amazonpay.png in Resources */ = {isa = PBXBuildFile; fileRef = 593F5977BC8B4A27813E6065 /* amazonpay.png */; };
		B00E71714FC54078AFEE7D16 /* angle_left.png in Resources */ = {isa = PBXBuildFile; fileRef = C9B70EEA07974043A6054356 /* angle_left.png */; };
		88B6BF5E9C6F4C98BAF6295E /* applepay.png in Resources */ = {isa = PBXBuildFile; fileRef = 6D1124D098CC4A2591F01803 /* applepay.png */; };
		D2952225345C4F54B16932CF /* avatar.png in Resources */ = {isa = PBXBuildFile; fileRef = 674B6D62F7644DDD99494655 /* avatar.png */; };
		2844EE0D5BF1448E9D816B41 /* avt_1.png in Resources */ = {isa = PBXBuildFile; fileRef = 35CC15F40FE443229CBF73E2 /* avt_1.png */; };
		C3ACF68806AD43CDA70807DC /* cart.png in Resources */ = {isa = PBXBuildFile; fileRef = 65F044E0EFF743DAB1901B86 /* cart.png */; };
		287DC0169CFC44D7B5DB1A6D /* cowbell.png in Resources */ = {isa = PBXBuildFile; fileRef = FFD2338948F0480590DFA949 /* cowbell.png */; };
		7298A8980E674B1F8C26E693 /* favourite.png in Resources */ = {isa = PBXBuildFile; fileRef = 9C4F3661F36C4084AF993D6E /* favourite.png */; };
		73C17D62168E419B9DF67A5E /* gpay.png in Resources */ = {isa = PBXBuildFile; fileRef = FFCD4A964BAE4531AAFCC46B /* gpay.png */; };
		3CB98EFC88744865B73B1B7F /* iconapp.png in Resources */ = {isa = PBXBuildFile; fileRef = 755CD0C3D64F495B80BD2373 /* iconapp.png */; };
		4A5D3DA61D784C3AA930CBAA /* icon_app.jpg in Resources */ = {isa = PBXBuildFile; fileRef = DC18D9B7421544D492BDD213 /* icon_app.jpg */; };
		D24A4508EB6C4D668479EF9F /* icon_app_2.jpg in Resources */ = {isa = PBXBuildFile; fileRef = DCD30DC90C4F4B38B6FAC669 /* icon_app_2.jpg */; };
		14FB6E2E6B6B4F1F91FCBB36 /* logout.png in Resources */ = {isa = PBXBuildFile; fileRef = 4521764333DC41DCA7FD44EA /* logout.png */; };
		869EFC8ADFAF47489E7819BB /* logo_round.png in Resources */ = {isa = PBXBuildFile; fileRef = 84A077F33C75441DB8B6FC32 /* logo_round.png */; };
		0EA65EDFC89147539B2A7896 /* marker.png in Resources */ = {isa = PBXBuildFile; fileRef = 2840DAF328DD453F99F590D6 /* marker.png */; };
		4BB2C63D4693435992754D63 /* marker_1.png in Resources */ = {isa = PBXBuildFile; fileRef = 661706452B014A5E8E3E250E /* marker_1.png */; };
		FCE86BA1C8844956ADA0E87C /* pencil.png in Resources */ = {isa = PBXBuildFile; fileRef = 716137A449CA476DA4CD8C41 /* pencil.png */; };
		1808B10D251443E4A028D267 /* profile.png in Resources */ = {isa = PBXBuildFile; fileRef = D1EE5DEE99F643F5A92609BB /* profile.png */; };
		616FE0995A8C4177A3CAE2BE /* resume.png in Resources */ = {isa = PBXBuildFile; fileRef = 53C5A497002B4D33B914274A /* resume.png */; };
		0FD56FA730FB4FB7A17E9360 /* screenshot_2024_03_14_200800.png in Resources */ = {isa = PBXBuildFile; fileRef = 487CE8D86D024B0E9A518C3B /* screenshot_2024_03_14_200800.png */; };
		B784CA9459994B1588365230 /* settings.png in Resources */ = {isa = PBXBuildFile; fileRef = D7210F4A3EF244288DAE9EA0 /* settings.png */; };
		337CD7B71C2C4C9396573A90 /* slide.png in Resources */ = {isa = PBXBuildFile; fileRef = 5CA492323FF040BF944AC42F /* slide.png */; };
		4254ECE560A2488FBC043406 /* barcode.png in Resources */ = {isa = PBXBuildFile; fileRef = 77A52830628645A885758380 /* barcode.png */; };
		687527FA2C694B1181F8EA89 /* bg.jpg in Resources */ = {isa = PBXBuildFile; fileRef = 444D35B57FF1439CA11834A9 /* bg.jpg */; };
		7AC33FB9F14D4E13841AF8EE /* logomini.png in Resources */ = {isa = PBXBuildFile; fileRef = 0B54C3A13E6244DC983F1F3F /* logomini.png */; };
		B4DC550610324604A801BDCA /* nen.png in Resources */ = {isa = PBXBuildFile; fileRef = 751E8C2FEC0641A1AF9B4C1D /* nen.png */; };
		7368163E71B9414D85CB1DA3 /* nenthe.png in Resources */ = {isa = PBXBuildFile; fileRef = FA3375B217DC4317A1658E16 /* nenthe.png */; };
		E648F88986384AEE92F4834D /* vc-b.png in Resources */ = {isa = PBXBuildFile; fileRef = 100D17633F4840C38E140E13 /* vc-b.png */; };
		D35C351DF019401D83CA925F /* voucher_2.jpeg in Resources */ = {isa = PBXBuildFile; fileRef = 6E480B76A7AA4D229A3B5C13 /* voucher_2.jpeg */; };
		405D869422D6421FB6B1824B /* logoGG.png in Resources */ = {isa = PBXBuildFile; fileRef = 24C5B57B2D244927B99427F4 /* logoGG.png */; };
		588A7E41E4B54A339AF8CB0B /* Comfortaa-Bold.ttf in Resources */ = {isa = PBXBuildFile; fileRef = 3040A2604EF04907B3FFBD62 /* Comfortaa-Bold.ttf */; };
		AE4CF7EAB6BF40FA860C854D /* Pacifico-Regular.ttf in Resources */ = {isa = PBXBuildFile; fileRef = 120CA9F8FACB467984D08E1B /* Pacifico-Regular.ttf */; };
		12A98A40F538402B9D43045E /* Dongle-Bold.ttf in Resources */ = {isa = PBXBuildFile; fileRef = F5E4939800DB4B798B83165D /* Dongle-Bold.ttf */; };
		9FBFDD10A09041BDB58D13A9 /* Dongle-Light.ttf in Resources */ = {isa = PBXBuildFile; fileRef = 3ED2E4B8ECFC4664A20A94CC /* Dongle-Light.ttf */; };
		21C9BCC003F54F488F90AD92 /* Dongle-Regular.ttf in Resources */ = {isa = PBXBuildFile; fileRef = A441F5CC666E472AAF6DF592 /* Dongle-Regular.ttf */; };
		58772F8E0BBA4212828A87CD /* OFL.txt in Resources */ = {isa = PBXBuildFile; fileRef = BC492961B23F498E90DD68C8 /* OFL.txt */; };
/* End PBXBuildFile section */

/* Begin PBXContainerItemProxy section */
		00E356F41AD99517003FC87E /* PBXContainerItemProxy */ = {
			isa = PBXContainerItemProxy;
			containerPortal = 83CBB9F71A601CBA00E9B192 /* Project object */;
			proxyType = 1;
			remoteGlobalIDString = 13B07F861A680F5B00A75B9A;
			remoteInfo = hmdrinks;
		};
/* End PBXContainerItemProxy section */

/* Begin PBXFileReference section */
		00E356F11AD99517003FC87E /* Info.plist */ = {isa = PBXFileReference; lastKnownFileType = text.plist.xml; path = Info.plist; sourceTree = "<group>"; };
		13B07F961A680F5B00A75B9A /* hmdrinks.app */ = {isa = PBXFileReference; explicitFileType = wrapper.application; includeInIndex = 0; path = hmdrinks.app; sourceTree = BUILT_PRODUCTS_DIR; };
		13B07FB51A68108700A75B9A /* Images.xcassets */ = {isa = PBXFileReference; lastKnownFileType = folder.assetcatalog; name = Images.xcassets; path = hmdrinks/Images.xcassets; sourceTree = "<group>"; };
		13B07FB61A68108700A75B9A /* Info.plist */ = {isa = PBXFileReference; fileEncoding = 4; lastKnownFileType = text.plist.xml; name = Info.plist; path = hmdrinks/Info.plist; sourceTree = "<group>"; };
		13B07FB81A68108700A75B9A /* PrivacyInfo.xcprivacy */ = {isa = PBXFileReference; fileEncoding = 4; lastKnownFileType = text.plist.xml; name = PrivacyInfo.xcprivacy; path = hmdrinks/PrivacyInfo.xcprivacy; sourceTree = "<group>"; };
		3B4392A12AC88292D35C810B /* Pods-hmdrinks.debug.xcconfig */ = {isa = PBXFileReference; includeInIndex = 1; lastKnownFileType = text.xcconfig; name = "Pods-hmdrinks.debug.xcconfig"; path = "Target Support Files/Pods-hmdrinks/Pods-hmdrinks.debug.xcconfig"; sourceTree = "<group>"; };
		5709B34CF0A7D63546082F79 /* Pods-hmdrinks.release.xcconfig */ = {isa = PBXFileReference; includeInIndex = 1; lastKnownFileType = text.xcconfig; name = "Pods-hmdrinks.release.xcconfig"; path = "Target Support Files/Pods-hmdrinks/Pods-hmdrinks.release.xcconfig"; sourceTree = "<group>"; };
		5DCACB8F33CDC322A6C60F78 /* libPods-hmdrinks.a */ = {isa = PBXFileReference; explicitFileType = archive.ar; includeInIndex = 0; path = "libPods-hmdrinks.a"; sourceTree = BUILT_PRODUCTS_DIR; };
		761780EC2CA45674006654EE /* AppDelegate.swift */ = {isa = PBXFileReference; lastKnownFileType = sourcecode.swift; name = AppDelegate.swift; path = hmdrinks/AppDelegate.swift; sourceTree = "<group>"; };
		81AB9BB72411601600AC10FF /* LaunchScreen.storyboard */ = {isa = PBXFileReference; fileEncoding = 4; lastKnownFileType = file.storyboard; name = LaunchScreen.storyboard; path = hmdrinks/LaunchScreen.storyboard; sourceTree = "<group>"; };
		ED297162215061F000B7C4FE /* JavaScriptCore.framework */ = {isa = PBXFileReference; lastKnownFileType = wrapper.framework; name = JavaScriptCore.framework; path = System/Library/Frameworks/JavaScriptCore.framework; sourceTree = SDKROOT; };
		4032EAA73D3C43B6A906AF31 /* app_icons.ttf */ = {isa = PBXFileReference; name = "app_icons.ttf"; path = "../src/assets/fonts/app_icons.ttf"; sourceTree = "<group>"; fileEncoding = undefined; lastKnownFileType = unknown; explicitFileType = undefined; includeInIndex = 0; };
		F01D472B3BFF4B21B87B560F /* Inder-Regular.ttf */ = {isa = PBXFileReference; name = "Inder-Regular.ttf"; path = "../src/assets/fonts/Inder-Regular.ttf"; sourceTree = "<group>"; fileEncoding = undefined; lastKnownFileType = unknown; explicitFileType = undefined; includeInIndex = 0; };
		DBFF88992DA5447EAD6C8B49 /* Inter-Black.ttf */ = {isa = PBXFileReference; name = "Inter-Black.ttf"; path = "../src/assets/fonts/Inter-Black.ttf"; sourceTree = "<group>"; fileEncoding = undefined; lastKnownFileType = unknown; explicitFileType = undefined; includeInIndex = 0; };
		A5303DDEAE134718B7C41871 /* Inter-Bold.ttf */ = {isa = PBXFileReference; name = "Inter-Bold.ttf"; path = "../src/assets/fonts/Inter-Bold.ttf"; sourceTree = "<group>"; fileEncoding = undefined; lastKnownFileType = unknown; explicitFileType = undefined; includeInIndex = 0; };
		5F34711FC6CC42F2A8B34355 /* Inter-ExtraBold.ttf */ = {isa = PBXFileReference; name = "Inter-ExtraBold.ttf"; path = "../src/assets/fonts/Inter-ExtraBold.ttf"; sourceTree = "<group>"; fileEncoding = undefined; lastKnownFileType = unknown; explicitFileType = undefined; includeInIndex = 0; };
		FBBEC0CFF18F4FB18E5E92E5 /* Inter-ExtraLight.ttf */ = {isa = PBXFileReference; name = "Inter-ExtraLight.ttf"; path = "../src/assets/fonts/Inter-ExtraLight.ttf"; sourceTree = "<group>"; fileEncoding = undefined; lastKnownFileType = unknown; explicitFileType = undefined; includeInIndex = 0; };
		91519DE12FC842CAAD277DCD /* Inter-Light.ttf */ = {isa = PBXFileReference; name = "Inter-Light.ttf"; path = "../src/assets/fonts/Inter-Light.ttf"; sourceTree = "<group>"; fileEncoding = undefined; lastKnownFileType = unknown; explicitFileType = undefined; includeInIndex = 0; };
		580CC91751484C7094FAAF6E /* Inter-Medium.ttf */ = {isa = PBXFileReference; name = "Inter-Medium.ttf"; path = "../src/assets/fonts/Inter-Medium.ttf"; sourceTree = "<group>"; fileEncoding = undefined; lastKnownFileType = unknown; explicitFileType = undefined; includeInIndex = 0; };
		00477D82411C4A4FA58C748F /* Inter-Regular.ttf */ = {isa = PBXFileReference; name = "Inter-Regular.ttf"; path = "../src/assets/fonts/Inter-Regular.ttf"; sourceTree = "<group>"; fileEncoding = undefined; lastKnownFileType = unknown; explicitFileType = undefined; includeInIndex = 0; };
		2433B4BAEEBF4B7BAF3F6F81 /* Inter-SemiBold.ttf */ = {isa = PBXFileReference; name = "Inter-SemiBold.ttf"; path = "../src/assets/fonts/Inter-SemiBold.ttf"; sourceTree = "<group>"; fileEncoding = undefined; lastKnownFileType = unknown; explicitFileType = undefined; includeInIndex = 0; };
		3DD5265216ED468CB6CB3C60 /* Inter-Thin.ttf */ = {isa = PBXFileReference; name = "Inter-Thin.ttf"; path = "../src/assets/fonts/Inter-Thin.ttf"; sourceTree = "<group>"; fileEncoding = undefined; lastKnownFileType = unknown; explicitFileType = undefined; includeInIndex = 0; };
		9D12C7964D8B4350B73294A2 /* Lobster-Regular.ttf */ = {isa = PBXFileReference; name = "Lobster-Regular.ttf"; path = "../src/assets/fonts/Lobster-Regular.ttf"; sourceTree = "<group>"; fileEncoding = undefined; lastKnownFileType = unknown; explicitFileType = undefined; includeInIndex = 0; };
		E3B4895771F343AFBAFA064D /* Poppins-Black.ttf */ = {isa = PBXFileReference; name = "Poppins-Black.ttf"; path = "../src/assets/fonts/Poppins-Black.ttf"; sourceTree = "<group>"; fileEncoding = undefined; lastKnownFileType = unknown; explicitFileType = undefined; includeInIndex = 0; };
		A7ED2D7D432F4974A9950FB8 /* Poppins-Bold.ttf */ = {isa = PBXFileReference; name = "Poppins-Bold.ttf"; path = "../src/assets/fonts/Poppins-Bold.ttf"; sourceTree = "<group>"; fileEncoding = undefined; lastKnownFileType = unknown; explicitFileType = undefined; includeInIndex = 0; };
		1E65708D830E4DB1B9F03EBA /* Poppins-ExtraBold.ttf */ = {isa = PBXFileReference; name = "Poppins-ExtraBold.ttf"; path = "../src/assets/fonts/Poppins-ExtraBold.ttf"; sourceTree = "<group>"; fileEncoding = undefined; lastKnownFileType = unknown; explicitFileType = undefined; includeInIndex = 0; };
		7434430603D64D80991DF18E /* Poppins-ExtraLight.ttf */ = {isa = PBXFileReference; name = "Poppins-ExtraLight.ttf"; path = "../src/assets/fonts/Poppins-ExtraLight.ttf"; sourceTree = "<group>"; fileEncoding = undefined; lastKnownFileType = unknown; explicitFileType = undefined; includeInIndex = 0; };
		2504D4470E3F4F9DB89C1123 /* Poppins-Light.ttf */ = {isa = PBXFileReference; name = "Poppins-Light.ttf"; path = "../src/assets/fonts/Poppins-Light.ttf"; sourceTree = "<group>"; fileEncoding = undefined; lastKnownFileType = unknown; explicitFileType = undefined; includeInIndex = 0; };
		90DBAA8C4A504F6DACBE2FDF /* Poppins-Medium.ttf */ = {isa = PBXFileReference; name = "Poppins-Medium.ttf"; path = "../src/assets/fonts/Poppins-Medium.ttf"; sourceTree = "<group>"; fileEncoding = undefined; lastKnownFileType = unknown; explicitFileType = undefined; includeInIndex = 0; };
		961046964A874C6B9AA5C14D /* Poppins-Regular.ttf */ = {isa = PBXFileReference; name = "Poppins-Regular.ttf"; path = "../src/assets/fonts/Poppins-Regular.ttf"; sourceTree = "<group>"; fileEncoding = undefined; lastKnownFileType = unknown; explicitFileType = undefined; includeInIndex = 0; };
		EDA598854FC64D84B430CC92 /* Poppins-SemiBold.ttf */ = {isa = PBXFileReference; name = "Poppins-SemiBold.ttf"; path = "../src/assets/fonts/Poppins-SemiBold.ttf"; sourceTree = "<group>"; fileEncoding = undefined; lastKnownFileType = unknown; explicitFileType = undefined; includeInIndex = 0; };
		58DC8B4CCF3B4453888FA3AF /* Poppins-Thin.ttf */ = {isa = PBXFileReference; name = "Poppins-Thin.ttf"; path = "../src/assets/fonts/Poppins-Thin.ttf"; sourceTree = "<group>"; fileEncoding = undefined; lastKnownFileType = unknown; explicitFileType = undefined; includeInIndex = 0; };
		593F5977BC8B4A27813E6065 /* amazonpay.png */ = {isa = PBXFileReference; name = "amazonpay.png"; path = "../src/assets/app_images/amazonpay.png"; sourceTree = "<group>"; fileEncoding = undefined; lastKnownFileType = unknown; explicitFileType = undefined; includeInIndex = 0; };
		C9B70EEA07974043A6054356 /* angle_left.png */ = {isa = PBXFileReference; name = "angle_left.png"; path = "../src/assets/app_images/angle_left.png"; sourceTree = "<group>"; fileEncoding = undefined; lastKnownFileType = unknown; explicitFileType = undefined; includeInIndex = 0; };
		6D1124D098CC4A2591F01803 /* applepay.png */ = {isa = PBXFileReference; name = "applepay.png"; path = "../src/assets/app_images/applepay.png"; sourceTree = "<group>"; fileEncoding = undefined; lastKnownFileType = unknown; explicitFileType = undefined; includeInIndex = 0; };
		674B6D62F7644DDD99494655 /* avatar.png */ = {isa = PBXFileReference; name = "avatar.png"; path = "../src/assets/app_images/avatar.png"; sourceTree = "<group>"; fileEncoding = undefined; lastKnownFileType = unknown; explicitFileType = undefined; includeInIndex = 0; };
		35CC15F40FE443229CBF73E2 /* avt_1.png */ = {isa = PBXFileReference; name = "avt_1.png"; path = "../src/assets/app_images/avt_1.png"; sourceTree = "<group>"; fileEncoding = undefined; lastKnownFileType = unknown; explicitFileType = undefined; includeInIndex = 0; };
		65F044E0EFF743DAB1901B86 /* cart.png */ = {isa = PBXFileReference; name = "cart.png"; path = "../src/assets/app_images/cart.png"; sourceTree = "<group>"; fileEncoding = undefined; lastKnownFileType = unknown; explicitFileType = undefined; includeInIndex = 0; };
		FFD2338948F0480590DFA949 /* cowbell.png */ = {isa = PBXFileReference; name = "cowbell.png"; path = "../src/assets/app_images/cowbell.png"; sourceTree = "<group>"; fileEncoding = undefined; lastKnownFileType = unknown; explicitFileType = undefined; includeInIndex = 0; };
		9C4F3661F36C4084AF993D6E /* favourite.png */ = {isa = PBXFileReference; name = "favourite.png"; path = "../src/assets/app_images/favourite.png"; sourceTree = "<group>"; fileEncoding = undefined; lastKnownFileType = unknown; explicitFileType = undefined; includeInIndex = 0; };
		FFCD4A964BAE4531AAFCC46B /* gpay.png */ = {isa = PBXFileReference; name = "gpay.png"; path = "../src/assets/app_images/gpay.png"; sourceTree = "<group>"; fileEncoding = undefined; lastKnownFileType = unknown; explicitFileType = undefined; includeInIndex = 0; };
		755CD0C3D64F495B80BD2373 /* iconapp.png */ = {isa = PBXFileReference; name = "iconapp.png"; path = "../src/assets/app_images/iconapp.png"; sourceTree = "<group>"; fileEncoding = undefined; lastKnownFileType = unknown; explicitFileType = undefined; includeInIndex = 0; };
		DC18D9B7421544D492BDD213 /* icon_app.jpg */ = {isa = PBXFileReference; name = "icon_app.jpg"; path = "../src/assets/app_images/icon_app.jpg"; sourceTree = "<group>"; fileEncoding = undefined; lastKnownFileType = unknown; explicitFileType = undefined; includeInIndex = 0; };
		DCD30DC90C4F4B38B6FAC669 /* icon_app_2.jpg */ = {isa = PBXFileReference; name = "icon_app_2.jpg"; path = "../src/assets/app_images/icon_app_2.jpg"; sourceTree = "<group>"; fileEncoding = undefined; lastKnownFileType = unknown; explicitFileType = undefined; includeInIndex = 0; };
		4521764333DC41DCA7FD44EA /* logout.png */ = {isa = PBXFileReference; name = "logout.png"; path = "../src/assets/app_images/logout.png"; sourceTree = "<group>"; fileEncoding = undefined; lastKnownFileType = unknown; explicitFileType = undefined; includeInIndex = 0; };
		84A077F33C75441DB8B6FC32 /* logo_round.png */ = {isa = PBXFileReference; name = "logo_round.png"; path = "../src/assets/app_images/logo_round.png"; sourceTree = "<group>"; fileEncoding = undefined; lastKnownFileType = unknown; explicitFileType = undefined; includeInIndex = 0; };
		2840DAF328DD453F99F590D6 /* marker.png */ = {isa = PBXFileReference; name = "marker.png"; path = "../src/assets/app_images/marker.png"; sourceTree = "<group>"; fileEncoding = undefined; lastKnownFileType = unknown; explicitFileType = undefined; includeInIndex = 0; };
		661706452B014A5E8E3E250E /* marker_1.png */ = {isa = PBXFileReference; name = "marker_1.png"; path = "../src/assets/app_images/marker_1.png"; sourceTree = "<group>"; fileEncoding = undefined; lastKnownFileType = unknown; explicitFileType = undefined; includeInIndex = 0; };
		716137A449CA476DA4CD8C41 /* pencil.png */ = {isa = PBXFileReference; name = "pencil.png"; path = "../src/assets/app_images/pencil.png"; sourceTree = "<group>"; fileEncoding = undefined; lastKnownFileType = unknown; explicitFileType = undefined; includeInIndex = 0; };
		D1EE5DEE99F643F5A92609BB /* profile.png */ = {isa = PBXFileReference; name = "profile.png"; path = "../src/assets/app_images/profile.png"; sourceTree = "<group>"; fileEncoding = undefined; lastKnownFileType = unknown; explicitFileType = undefined; includeInIndex = 0; };
		53C5A497002B4D33B914274A /* resume.png */ = {isa = PBXFileReference; name = "resume.png"; path = "../src/assets/app_images/resume.png"; sourceTree = "<group>"; fileEncoding = undefined; lastKnownFileType = unknown; explicitFileType = undefined; includeInIndex = 0; };
		487CE8D86D024B0E9A518C3B /* screenshot_2024_03_14_200800.png */ = {isa = PBXFileReference; name = "screenshot_2024_03_14_200800.png"; path = "../src/assets/app_images/screenshot_2024_03_14_200800.png"; sourceTree = "<group>"; fileEncoding = undefined; lastKnownFileType = unknown; explicitFileType = undefined; includeInIndex = 0; };
		D7210F4A3EF244288DAE9EA0 /* settings.png */ = {isa = PBXFileReference; name = "settings.png"; path = "../src/assets/app_images/settings.png"; sourceTree = "<group>"; fileEncoding = undefined; lastKnownFileType = unknown; explicitFileType = undefined; includeInIndex = 0; };
		5CA492323FF040BF944AC42F /* slide.png */ = {isa = PBXFileReference; name = "slide.png"; path = "../src/assets/app_images/slide.png"; sourceTree = "<group>"; fileEncoding = undefined; lastKnownFileType = unknown; explicitFileType = undefined; includeInIndex = 0; };
		77A52830628645A885758380 /* barcode.png */ = {isa = PBXFileReference; name = "barcode.png"; path = "../src/assets/app_images/barcode.png"; sourceTree = "<group>"; fileEncoding = undefined; lastKnownFileType = unknown; explicitFileType = undefined; includeInIndex = 0; };
		444D35B57FF1439CA11834A9 /* bg.jpg */ = {isa = PBXFileReference; name = "bg.jpg"; path = "../src/assets/app_images/bg.jpg"; sourceTree = "<group>"; fileEncoding = undefined; lastKnownFileType = unknown; explicitFileType = undefined; includeInIndex = 0; };
		0B54C3A13E6244DC983F1F3F /* logomini.png */ = {isa = PBXFileReference; name = "logomini.png"; path = "../src/assets/app_images/logomini.png"; sourceTree = "<group>"; fileEncoding = undefined; lastKnownFileType = unknown; explicitFileType = undefined; includeInIndex = 0; };
		751E8C2FEC0641A1AF9B4C1D /* nen.png */ = {isa = PBXFileReference; name = "nen.png"; path = "../src/assets/app_images/nen.png"; sourceTree = "<group>"; fileEncoding = undefined; lastKnownFileType = unknown; explicitFileType = undefined; includeInIndex = 0; };
		FA3375B217DC4317A1658E16 /* nenthe.png */ = {isa = PBXFileReference; name = "nenthe.png"; path = "../src/assets/app_images/nenthe.png"; sourceTree = "<group>"; fileEncoding = undefined; lastKnownFileType = unknown; explicitFileType = undefined; includeInIndex = 0; };
		100D17633F4840C38E140E13 /* vc-b.png */ = {isa = PBXFileReference; name = "vc-b.png"; path = "../src/assets/app_images/vc-b.png"; sourceTree = "<group>"; fileEncoding = undefined; lastKnownFileType = unknown; explicitFileType = undefined; includeInIndex = 0; };
		6E480B76A7AA4D229A3B5C13 /* voucher_2.jpeg */ = {isa = PBXFileReference; name = "voucher_2.jpeg"; path = "../src/assets/app_images/voucher_2.jpeg"; sourceTree = "<group>"; fileEncoding = undefined; lastKnownFileType = unknown; explicitFileType = undefined; includeInIndex = 0; };
		24C5B57B2D244927B99427F4 /* logoGG.png */ = {isa = PBXFileReference; name = "logoGG.png"; path = "../src/assets/img/logoGG.png"; sourceTree = "<group>"; fileEncoding = undefined; lastKnownFileType = unknown; explicitFileType = undefined; includeInIndex = 0; };
		3040A2604EF04907B3FFBD62 /* Comfortaa-Bold.ttf */ = {isa = PBXFileReference; name = "Comfortaa-Bold.ttf"; path = "../src/assets/fonts/Comfortaa-Bold.ttf"; sourceTree = "<group>"; fileEncoding = undefined; lastKnownFileType = unknown; explicitFileType = undefined; includeInIndex = 0; };
		120CA9F8FACB467984D08E1B /* Pacifico-Regular.ttf */ = {isa = PBXFileReference; name = "Pacifico-Regular.ttf"; path = "../src/assets/fonts/Pacifico-Regular.ttf"; sourceTree = "<group>"; fileEncoding = undefined; lastKnownFileType = unknown; explicitFileType = undefined; includeInIndex = 0; };
		F5E4939800DB4B798B83165D /* Dongle-Bold.ttf */ = {isa = PBXFileReference; name = "Dongle-Bold.ttf"; path = "../src/assets/fonts/Dongle-Bold.ttf"; sourceTree = "<group>"; fileEncoding = undefined; lastKnownFileType = unknown; explicitFileType = undefined; includeInIndex = 0; };
		3ED2E4B8ECFC4664A20A94CC /* Dongle-Light.ttf */ = {isa = PBXFileReference; name = "Dongle-Light.ttf"; path = "../src/assets/fonts/Dongle-Light.ttf"; sourceTree = "<group>"; fileEncoding = undefined; lastKnownFileType = unknown; explicitFileType = undefined; includeInIndex = 0; };
		A441F5CC666E472AAF6DF592 /* Dongle-Regular.ttf */ = {isa = PBXFileReference; name = "Dongle-Regular.ttf"; path = "../src/assets/fonts/Dongle-Regular.ttf"; sourceTree = "<group>"; fileEncoding = undefined; lastKnownFileType = unknown; explicitFileType = undefined; includeInIndex = 0; };
		BC492961B23F498E90DD68C8 /* OFL.txt */ = {isa = PBXFileReference; name = "OFL.txt"; path = "../src/assets/fonts/OFL.txt"; sourceTree = "<group>"; fileEncoding = undefined; lastKnownFileType = unknown; explicitFileType = undefined; includeInIndex = 0; };
/* End PBXFileReference section */

/* Begin PBXFrameworksBuildPhase section */
		13B07F8C1A680F5B00A75B9A /* Frameworks */ = {
			isa = PBXFrameworksBuildPhase;
			buildActionMask = 2147483647;
			files = (
				0C80B921A6F3F58F76C31292 /* libPods-hmdrinks.a in Frameworks */,
			);
			runOnlyForDeploymentPostprocessing = 0;
		};
/* End PBXFrameworksBuildPhase section */

/* Begin PBXGroup section */
		00E356F01AD99517003FC87E /* Supporting Files */ = {
			isa = PBXGroup;
			children = (
				00E356F11AD99517003FC87E /* Info.plist */,
			);
			name = "Supporting Files";
			sourceTree = "<group>";
		};
		13B07FAE1A68108700A75B9A /* hmdrinks */ = {
			isa = PBXGroup;
			children = (
				13B07FB51A68108700A75B9A /* Images.xcassets */,
				761780EC2CA45674006654EE /* AppDelegate.swift */,
				13B07FB61A68108700A75B9A /* Info.plist */,
				81AB9BB72411601600AC10FF /* LaunchScreen.storyboard */,
				13B07FB81A68108700A75B9A /* PrivacyInfo.xcprivacy */,
			);
			name = hmdrinks;
			sourceTree = "<group>";
		};
		2D16E6871FA4F8E400B85C8A /* Frameworks */ = {
			isa = PBXGroup;
			children = (
				ED297162215061F000B7C4FE /* JavaScriptCore.framework */,
				5DCACB8F33CDC322A6C60F78 /* libPods-hmdrinks.a */,
			);
			name = Frameworks;
			sourceTree = "<group>";
		};
		832341AE1AAA6A7D00B99B32 /* Libraries */ = {
			isa = PBXGroup;
			children = (
			);
			name = Libraries;
			sourceTree = "<group>";
		};
		83CBB9F61A601CBA00E9B192 = {
			isa = PBXGroup;
			children = (
				13B07FAE1A68108700A75B9A /* hmdrinks */,
				832341AE1AAA6A7D00B99B32 /* Libraries */,
				83CBBA001A601CBA00E9B192 /* Products */,
				2D16E6871FA4F8E400B85C8A /* Frameworks */,
				BBD78D7AC51CEA395F1C20DB /* Pods */,
				B7D0BB35AAA246E4A90A1383 /* Resources */,
			);
			indentWidth = 2;
			sourceTree = "<group>";
			tabWidth = 2;
			usesTabs = 0;
		};
		83CBBA001A601CBA00E9B192 /* Products */ = {
			isa = PBXGroup;
			children = (
				13B07F961A680F5B00A75B9A /* hmdrinks.app */,
			);
			name = Products;
			sourceTree = "<group>";
		};
		BBD78D7AC51CEA395F1C20DB /* Pods */ = {
			isa = PBXGroup;
			children = (
				3B4392A12AC88292D35C810B /* Pods-hmdrinks.debug.xcconfig */,
				5709B34CF0A7D63546082F79 /* Pods-hmdrinks.release.xcconfig */,
			);
			path = Pods;
			sourceTree = "<group>";
		};
		B7D0BB35AAA246E4A90A1383 /* Resources */ = {
			isa = "PBXGroup";
			children = (
				4032EAA73D3C43B6A906AF31 /* app_icons.ttf */,
				F01D472B3BFF4B21B87B560F /* Inder-Regular.ttf */,
				DBFF88992DA5447EAD6C8B49 /* Inter-Black.ttf */,
				A5303DDEAE134718B7C41871 /* Inter-Bold.ttf */,
				5F34711FC6CC42F2A8B34355 /* Inter-ExtraBold.ttf */,
				FBBEC0CFF18F4FB18E5E92E5 /* Inter-ExtraLight.ttf */,
				91519DE12FC842CAAD277DCD /* Inter-Light.ttf */,
				580CC91751484C7094FAAF6E /* Inter-Medium.ttf */,
				00477D82411C4A4FA58C748F /* Inter-Regular.ttf */,
				2433B4BAEEBF4B7BAF3F6F81 /* Inter-SemiBold.ttf */,
				3DD5265216ED468CB6CB3C60 /* Inter-Thin.ttf */,
				9D12C7964D8B4350B73294A2 /* Lobster-Regular.ttf */,
				E3B4895771F343AFBAFA064D /* Poppins-Black.ttf */,
				A7ED2D7D432F4974A9950FB8 /* Poppins-Bold.ttf */,
				1E65708D830E4DB1B9F03EBA /* Poppins-ExtraBold.ttf */,
				7434430603D64D80991DF18E /* Poppins-ExtraLight.ttf */,
				2504D4470E3F4F9DB89C1123 /* Poppins-Light.ttf */,
				90DBAA8C4A504F6DACBE2FDF /* Poppins-Medium.ttf */,
				961046964A874C6B9AA5C14D /* Poppins-Regular.ttf */,
				EDA598854FC64D84B430CC92 /* Poppins-SemiBold.ttf */,
				58DC8B4CCF3B4453888FA3AF /* Poppins-Thin.ttf */,
				593F5977BC8B4A27813E6065 /* amazonpay.png */,
				C9B70EEA07974043A6054356 /* angle_left.png */,
				6D1124D098CC4A2591F01803 /* applepay.png */,
				674B6D62F7644DDD99494655 /* avatar.png */,
				35CC15F40FE443229CBF73E2 /* avt_1.png */,
				65F044E0EFF743DAB1901B86 /* cart.png */,
				FFD2338948F0480590DFA949 /* cowbell.png */,
				9C4F3661F36C4084AF993D6E /* favourite.png */,
				FFCD4A964BAE4531AAFCC46B /* gpay.png */,
				755CD0C3D64F495B80BD2373 /* iconapp.png */,
				DC18D9B7421544D492BDD213 /* icon_app.jpg */,
				DCD30DC90C4F4B38B6FAC669 /* icon_app_2.jpg */,
				4521764333DC41DCA7FD44EA /* logout.png */,
				84A077F33C75441DB8B6FC32 /* logo_round.png */,
				2840DAF328DD453F99F590D6 /* marker.png */,
				661706452B014A5E8E3E250E /* marker_1.png */,
				716137A449CA476DA4CD8C41 /* pencil.png */,
				D1EE5DEE99F643F5A92609BB /* profile.png */,
				53C5A497002B4D33B914274A /* resume.png */,
				487CE8D86D024B0E9A518C3B /* screenshot_2024_03_14_200800.png */,
				D7210F4A3EF244288DAE9EA0 /* settings.png */,
				5CA492323FF040BF944AC42F /* slide.png */,
				77A52830628645A885758380 /* barcode.png */,
				444D35B57FF1439CA11834A9 /* bg.jpg */,
				0B54C3A13E6244DC983F1F3F /* logomini.png */,
				751E8C2FEC0641A1AF9B4C1D /* nen.png */,
				FA3375B217DC4317A1658E16 /* nenthe.png */,
				100D17633F4840C38E140E13 /* vc-b.png */,
				6E480B76A7AA4D229A3B5C13 /* voucher_2.jpeg */,
				24C5B57B2D244927B99427F4 /* logoGG.png */,
				3040A2604EF04907B3FFBD62 /* Comfortaa-Bold.ttf */,
				120CA9F8FACB467984D08E1B /* Pacifico-Regular.ttf */,
				F5E4939800DB4B798B83165D /* Dongle-Bold.ttf */,
				3ED2E4B8ECFC4664A20A94CC /* Dongle-Light.ttf */,
				A441F5CC666E472AAF6DF592 /* Dongle-Regular.ttf */,
				BC492961B23F498E90DD68C8 /* OFL.txt */,
			);
			name = Resources;
			sourceTree = "<group>";
			path = "";
		};
/* End PBXGroup section */

/* Begin PBXNativeTarget section */
		13B07F861A680F5B00A75B9A /* hmdrinks */ = {
			isa = PBXNativeTarget;
			buildConfigurationList = 13B07F931A680F5B00A75B9A /* Build configuration list for PBXNativeTarget "hmdrinks" */;
			buildPhases = (
				C38B50BA6285516D6DCD4F65 /* [CP] Check Pods Manifest.lock */,
				13B07F871A680F5B00A75B9A /* Sources */,
				13B07F8C1A680F5B00A75B9A /* Frameworks */,
				13B07F8E1A680F5B00A75B9A /* Resources */,
				00DD1BFF1BD5951E006B06BC /* Bundle React Native code and images */,
				00EEFC60759A1932668264C0 /* [CP] Embed Pods Frameworks */,
				E235C05ADACE081382539298 /* [CP] Copy Pods Resources */,
			);
			buildRules = (
			);
			dependencies = (
			);
			name = hmdrinks;
			productName = hmdrinks;
			productReference = 13B07F961A680F5B00A75B9A /* hmdrinks.app */;
			productType = "com.apple.product-type.application";
		};
/* End PBXNativeTarget section */

/* Begin PBXProject section */
		83CBB9F71A601CBA00E9B192 /* Project object */ = {
			isa = PBXProject;
			attributes = {
				LastUpgradeCheck = 1210;
				TargetAttributes = {
					13B07F861A680F5B00A75B9A = {
						LastSwiftMigration = 1120;
					};
				};
			};
			buildConfigurationList = 83CBB9FA1A601CBA00E9B192 /* Build configuration list for PBXProject "hmdrinks" */;
			compatibilityVersion = "Xcode 12.0";
			developmentRegion = en;
			hasScannedForEncodings = 0;
			knownRegions = (
				en,
				Base,
			);
			mainGroup = 83CBB9F61A601CBA00E9B192;
			productRefGroup = 83CBBA001A601CBA00E9B192 /* Products */;
			projectDirPath = "";
			projectRoot = "";
			targets = (
				13B07F861A680F5B00A75B9A /* hmdrinks */,
			);
		};
/* End PBXProject section */

/* Begin PBXResourcesBuildPhase section */
		00E356EC1AD99517003FC87E /* Resources */ = {
			isa = PBXResourcesBuildPhase;
			buildActionMask = 2147483647;
			files = (
			);
			runOnlyForDeploymentPostprocessing = 0;
		};
		13B07F8E1A680F5B00A75B9A /* Resources */ = {
			isa = PBXResourcesBuildPhase;
			buildActionMask = 2147483647;
			files = (
				81AB9BB82411601600AC10FF /* LaunchScreen.storyboard in Resources */,
				13B07FBF1A68108700A75B9A /* Images.xcassets in Resources */,
				BCE903C323AB45EC95D3C664 /* app_icons.ttf in Resources */,
				4342C07C70F149B1AAEBB8A7 /* Inder-Regular.ttf in Resources */,
				71A4B57000F54D7A8B0A0168 /* Inter-Black.ttf in Resources */,
				45F8B1C3E09A42DF94F5B134 /* Inter-Bold.ttf in Resources */,
				FDC6892385874A98A8762444 /* Inter-ExtraBold.ttf in Resources */,
				C1EA82A47D2B40B8ACAE672B /* Inter-ExtraLight.ttf in Resources */,
				4B35E5B3A2CD4323AC403F5B /* Inter-Light.ttf in Resources */,
				BE130A4683EE484388588D1E /* Inter-Medium.ttf in Resources */,
				43F16AAB0B554B0DAFDEC3D3 /* Inter-Regular.ttf in Resources */,
				88DBA15BC12C4BBF960D6934 /* Inter-SemiBold.ttf in Resources */,
				08FF934A1BEF4A95BDEFEA50 /* Inter-Thin.ttf in Resources */,
				7587E3C1432545C8AC868FFB /* Lobster-Regular.ttf in Resources */,
				F2F72BF4CD894F4FBE3AB9D2 /* Poppins-Black.ttf in Resources */,
				A538FCBFA74143FC9220F4A4 /* Poppins-Bold.ttf in Resources */,
				2CF72C7746F34CF6B45BDE52 /* Poppins-ExtraBold.ttf in Resources */,
				1B5D9DE5A3344F1F932E5516 /* Poppins-ExtraLight.ttf in Resources */,
				1FDD78E6FB794632866A5DFF /* Poppins-Light.ttf in Resources */,
				411ACCA6A1694F129B0771B7 /* Poppins-Medium.ttf in Resources */,
				487DDCE90C8F4089BCCF9C1A /* Poppins-Regular.ttf in Resources */,
				A9FBABFBE983431D8D2ACBE0 /* Poppins-SemiBold.ttf in Resources */,
				C749D94AD0244DF8A835F44E /* Poppins-Thin.ttf in Resources */,
				E80CF73C47664BD5AF4E9CAB /* amazonpay.png in Resources */,
				B00E71714FC54078AFEE7D16 /* angle_left.png in Resources */,
				88B6BF5E9C6F4C98BAF6295E /* applepay.png in Resources */,
				D2952225345C4F54B16932CF /* avatar.png in Resources */,
				2844EE0D5BF1448E9D816B41 /* avt_1.png in Resources */,
				C3ACF68806AD43CDA70807DC /* cart.png in Resources */,
				287DC0169CFC44D7B5DB1A6D /* cowbell.png in Resources */,
				7298A8980E674B1F8C26E693 /* favourite.png in Resources */,
				73C17D62168E419B9DF67A5E /* gpay.png in Resources */,
				3CB98EFC88744865B73B1B7F /* iconapp.png in Resources */,
				4A5D3DA61D784C3AA930CBAA /* icon_app.jpg in Resources */,
				D24A4508EB6C4D668479EF9F /* icon_app_2.jpg in Resources */,
				14FB6E2E6B6B4F1F91FCBB36 /* logout.png in Resources */,
				869EFC8ADFAF47489E7819BB /* logo_round.png in Resources */,
				0EA65EDFC89147539B2A7896 /* marker.png in Resources */,
				4BB2C63D4693435992754D63 /* marker_1.png in Resources */,
				FCE86BA1C8844956ADA0E87C /* pencil.png in Resources */,
				1808B10D251443E4A028D267 /* profile.png in Resources */,
				616FE0995A8C4177A3CAE2BE /* resume.png in Resources */,
				0FD56FA730FB4FB7A17E9360 /* screenshot_2024_03_14_200800.png in Resources */,
				B784CA9459994B1588365230 /* settings.png in Resources */,
				337CD7B71C2C4C9396573A90 /* slide.png in Resources */,
				4254ECE560A2488FBC043406 /* barcode.png in Resources */,
				687527FA2C694B1181F8EA89 /* bg.jpg in Resources */,
				7AC33FB9F14D4E13841AF8EE /* logomini.png in Resources */,
				B4DC550610324604A801BDCA /* nen.png in Resources */,
				7368163E71B9414D85CB1DA3 /* nenthe.png in Resources */,
				E648F88986384AEE92F4834D /* vc-b.png in Resources */,
				D35C351DF019401D83CA925F /* voucher_2.jpeg in Resources */,
				405D869422D6421FB6B1824B /* logoGG.png in Resources */,
				588A7E41E4B54A339AF8CB0B /* Comfortaa-Bold.ttf in Resources */,
				AE4CF7EAB6BF40FA860C854D /* Pacifico-Regular.ttf in Resources */,
				12A98A40F538402B9D43045E /* Dongle-Bold.ttf in Resources */,
				9FBFDD10A09041BDB58D13A9 /* Dongle-Light.ttf in Resources */,
				21C9BCC003F54F488F90AD92 /* Dongle-Regular.ttf in Resources */,
				58772F8E0BBA4212828A87CD /* OFL.txt in Resources */,
			);
			runOnlyForDeploymentPostprocessing = 0;
		};
/* End PBXResourcesBuildPhase section */

/* Begin PBXShellScriptBuildPhase section */
		00DD1BFF1BD5951E006B06BC /* Bundle React Native code and images */ = {
			isa = PBXShellScriptBuildPhase;
			buildActionMask = 2147483647;
			files = (
			);
			inputPaths = (
				"$(SRCROOT)/.xcode.env.local",
				"$(SRCROOT)/.xcode.env",
			);
			name = "Bundle React Native code and images";
			outputPaths = (
			);
			runOnlyForDeploymentPostprocessing = 0;
			shellPath = /bin/sh;
			shellScript = "set -e\n\nWITH_ENVIRONMENT=\"$REACT_NATIVE_PATH/scripts/xcode/with-environment.sh\"\nREACT_NATIVE_XCODE=\"$REACT_NATIVE_PATH/scripts/react-native-xcode.sh\"\n\n/bin/sh -c \"$WITH_ENVIRONMENT $REACT_NATIVE_XCODE\"\n";
		};
		00EEFC60759A1932668264C0 /* [CP] Embed Pods Frameworks */ = {
			isa = PBXShellScriptBuildPhase;
			buildActionMask = 2147483647;
			files = (
			);
			inputFileListPaths = (
				"${PODS_ROOT}/Target Support Files/Pods-hmdrinks/Pods-hmdrinks-frameworks-${CONFIGURATION}-input-files.xcfilelist",
			);
			name = "[CP] Embed Pods Frameworks";
			outputFileListPaths = (
				"${PODS_ROOT}/Target Support Files/Pods-hmdrinks/Pods-hmdrinks-frameworks-${CONFIGURATION}-output-files.xcfilelist",
			);
			runOnlyForDeploymentPostprocessing = 0;
			shellPath = /bin/sh;
			shellScript = "\"${PODS_ROOT}/Target Support Files/Pods-hmdrinks/Pods-hmdrinks-frameworks.sh\"\n";
			showEnvVarsInLog = 0;
		};
		C38B50BA6285516D6DCD4F65 /* [CP] Check Pods Manifest.lock */ = {
			isa = PBXShellScriptBuildPhase;
			buildActionMask = 2147483647;
			files = (
			);
			inputFileListPaths = (
			);
			inputPaths = (
				"${PODS_PODFILE_DIR_PATH}/Podfile.lock",
				"${PODS_ROOT}/Manifest.lock",
			);
			name = "[CP] Check Pods Manifest.lock";
			outputFileListPaths = (
			);
			outputPaths = (
				"$(DERIVED_FILE_DIR)/Pods-hmdrinks-checkManifestLockResult.txt",
			);
			runOnlyForDeploymentPostprocessing = 0;
			shellPath = /bin/sh;
			shellScript = "diff \"${PODS_PODFILE_DIR_PATH}/Podfile.lock\" \"${PODS_ROOT}/Manifest.lock\" > /dev/null\nif [ $? != 0 ] ; then\n    # print error to STDERR\n    echo \"error: The sandbox is not in sync with the Podfile.lock. Run 'pod install' or update your CocoaPods installation.\" >&2\n    exit 1\nfi\n# This output is used by Xcode 'outputs' to avoid re-running this script phase.\necho \"SUCCESS\" > \"${SCRIPT_OUTPUT_FILE_0}\"\n";
			showEnvVarsInLog = 0;
		};
		E235C05ADACE081382539298 /* [CP] Copy Pods Resources */ = {
			isa = PBXShellScriptBuildPhase;
			buildActionMask = 2147483647;
			files = (
			);
			inputFileListPaths = (
				"${PODS_ROOT}/Target Support Files/Pods-hmdrinks/Pods-hmdrinks-resources-${CONFIGURATION}-input-files.xcfilelist",
			);
			name = "[CP] Copy Pods Resources";
			outputFileListPaths = (
				"${PODS_ROOT}/Target Support Files/Pods-hmdrinks/Pods-hmdrinks-resources-${CONFIGURATION}-output-files.xcfilelist",
			);
			runOnlyForDeploymentPostprocessing = 0;
			shellPath = /bin/sh;
			shellScript = "\"${PODS_ROOT}/Target Support Files/Pods-hmdrinks/Pods-hmdrinks-resources.sh\"\n";
			showEnvVarsInLog = 0;
		};
/* End PBXShellScriptBuildPhase section */

/* Begin PBXSourcesBuildPhase section */
		13B07F871A680F5B00A75B9A /* Sources */ = {
			isa = PBXSourcesBuildPhase;
			buildActionMask = 2147483647;
			files = (
				761780ED2CA45674006654EE /* AppDelegate.swift in Sources */,
			);
			runOnlyForDeploymentPostprocessing = 0;
		};
/* End PBXSourcesBuildPhase section */

/* Begin PBXTargetDependency section */
		00E356F51AD99517003FC87E /* PBXTargetDependency */ = {
			isa = PBXTargetDependency;
			target = 13B07F861A680F5B00A75B9A /* hmdrinks */;
			targetProxy = 00E356F41AD99517003FC87E /* PBXContainerItemProxy */;
		};
/* End PBXTargetDependency section */

/* Begin XCBuildConfiguration section */
		13B07F941A680F5B00A75B9A /* Debug */ = {
			isa = XCBuildConfiguration;
			baseConfigurationReference = 3B4392A12AC88292D35C810B /* Pods-hmdrinks.debug.xcconfig */;
			buildSettings = {
				ASSETCATALOG_COMPILER_APPICON_NAME = AppIcon;
				CLANG_ENABLE_MODULES = YES;
				CURRENT_PROJECT_VERSION = 1;
				ENABLE_BITCODE = NO;
				INFOPLIST_FILE = hmdrinks/Info.plist;
				IPHONEOS_DEPLOYMENT_TARGET = 15.1;
				LD_RUNPATH_SEARCH_PATHS = (
					"$(inherited)",
					"@executable_path/Frameworks",
				);
				MARKETING_VERSION = 1.0;
				OTHER_LDFLAGS = (
					"$(inherited)",
					"-ObjC",
					"-lc++",
				);
				PRODUCT_BUNDLE_IDENTIFIER = "org.reactjs.native.example.$(PRODUCT_NAME:rfc1034identifier)";
				PRODUCT_NAME = hmdrinks;
				SWIFT_OPTIMIZATION_LEVEL = "-Onone";
				SWIFT_VERSION = 5.0;
				VERSIONING_SYSTEM = "apple-generic";
			};
			name = Debug;
		};
		13B07F951A680F5B00A75B9A /* Release */ = {
			isa = XCBuildConfiguration;
			baseConfigurationReference = 5709B34CF0A7D63546082F79 /* Pods-hmdrinks.release.xcconfig */;
			buildSettings = {
				ASSETCATALOG_COMPILER_APPICON_NAME = AppIcon;
				CLANG_ENABLE_MODULES = YES;
				CURRENT_PROJECT_VERSION = 1;
				INFOPLIST_FILE = hmdrinks/Info.plist;
				IPHONEOS_DEPLOYMENT_TARGET = 15.1;
				LD_RUNPATH_SEARCH_PATHS = (
					"$(inherited)",
					"@executable_path/Frameworks",
				);
				MARKETING_VERSION = 1.0;
				OTHER_LDFLAGS = (
					"$(inherited)",
					"-ObjC",
					"-lc++",
				);
				PRODUCT_BUNDLE_IDENTIFIER = "org.reactjs.native.example.$(PRODUCT_NAME:rfc1034identifier)";
				PRODUCT_NAME = hmdrinks;
				SWIFT_VERSION = 5.0;
				VERSIONING_SYSTEM = "apple-generic";
			};
			name = Release;
		};
		83CBBA201A601CBA00E9B192 /* Debug */ = {
			isa = XCBuildConfiguration;
			buildSettings = {
				ALWAYS_SEARCH_USER_PATHS = NO;
				CLANG_ANALYZER_LOCALIZABILITY_NONLOCALIZED = YES;
				CLANG_CXX_LANGUAGE_STANDARD = "c++20";
				CLANG_CXX_LIBRARY = "libc++";
				CLANG_ENABLE_MODULES = YES;
				CLANG_ENABLE_OBJC_ARC = YES;
				CLANG_WARN_BLOCK_CAPTURE_AUTORELEASING = YES;
				CLANG_WARN_BOOL_CONVERSION = YES;
				CLANG_WARN_COMMA = YES;
				CLANG_WARN_CONSTANT_CONVERSION = YES;
				CLANG_WARN_DEPRECATED_OBJC_IMPLEMENTATIONS = YES;
				CLANG_WARN_DIRECT_OBJC_ISA_USAGE = YES_ERROR;
				CLANG_WARN_EMPTY_BODY = YES;
				CLANG_WARN_ENUM_CONVERSION = YES;
				CLANG_WARN_INFINITE_RECURSION = YES;
				CLANG_WARN_INT_CONVERSION = YES;
				CLANG_WARN_NON_LITERAL_NULL_CONVERSION = YES;
				CLANG_WARN_OBJC_IMPLICIT_RETAIN_SELF = YES;
				CLANG_WARN_OBJC_LITERAL_CONVERSION = YES;
				CLANG_WARN_OBJC_ROOT_CLASS = YES_ERROR;
				CLANG_WARN_QUOTED_INCLUDE_IN_FRAMEWORK_HEADER = YES;
				CLANG_WARN_RANGE_LOOP_ANALYSIS = YES;
				CLANG_WARN_STRICT_PROTOTYPES = YES;
				CLANG_WARN_SUSPICIOUS_MOVE = YES;
				CLANG_WARN_UNREACHABLE_CODE = YES;
				CLANG_WARN__DUPLICATE_METHOD_MATCH = YES;
				"CODE_SIGN_IDENTITY[sdk=iphoneos*]" = "iPhone Developer";
				COPY_PHASE_STRIP = NO;
				ENABLE_STRICT_OBJC_MSGSEND = YES;
				ENABLE_TESTABILITY = YES;
				"EXCLUDED_ARCHS[sdk=iphonesimulator*]" = "";
				GCC_C_LANGUAGE_STANDARD = gnu99;
				GCC_DYNAMIC_NO_PIC = NO;
				GCC_NO_COMMON_BLOCKS = YES;
				GCC_OPTIMIZATION_LEVEL = 0;
				GCC_PREPROCESSOR_DEFINITIONS = (
					"DEBUG=1",
					"$(inherited)",
				);
				GCC_SYMBOLS_PRIVATE_EXTERN = NO;
				GCC_WARN_64_TO_32_BIT_CONVERSION = YES;
				GCC_WARN_ABOUT_RETURN_TYPE = YES_ERROR;
				GCC_WARN_UNDECLARED_SELECTOR = YES;
				GCC_WARN_UNINITIALIZED_AUTOS = YES_AGGRESSIVE;
				GCC_WARN_UNUSED_FUNCTION = YES;
				GCC_WARN_UNUSED_VARIABLE = YES;
				IPHONEOS_DEPLOYMENT_TARGET = 15.1;
				LD_RUNPATH_SEARCH_PATHS = (
					/usr/lib/swift,
					"$(inherited)",
				);
				LIBRARY_SEARCH_PATHS = (
					"\"$(SDKROOT)/usr/lib/swift\"",
					"\"$(TOOLCHAIN_DIR)/usr/lib/swift/$(PLATFORM_NAME)\"",
					"\"$(inherited)\"",
				);
				MTL_ENABLE_DEBUG_INFO = YES;
				ONLY_ACTIVE_ARCH = YES;
				OTHER_CPLUSPLUSFLAGS = (
					"$(OTHER_CFLAGS)",
					"-DFOLLY_NO_CONFIG",
					"-DFOLLY_MOBILE=1",
					"-DFOLLY_USE_LIBCPP=1",
					"-DFOLLY_CFG_NO_COROUTINES=1",
					"-DFOLLY_HAVE_CLOCK_GETTIME=1",
				);
				SDKROOT = iphoneos;
			};
			name = Debug;
		};
		83CBBA211A601CBA00E9B192 /* Release */ = {
			isa = XCBuildConfiguration;
			buildSettings = {
				ALWAYS_SEARCH_USER_PATHS = NO;
				CLANG_ANALYZER_LOCALIZABILITY_NONLOCALIZED = YES;
				CLANG_CXX_LANGUAGE_STANDARD = "c++20";
				CLANG_CXX_LIBRARY = "libc++";
				CLANG_ENABLE_MODULES = YES;
				CLANG_ENABLE_OBJC_ARC = YES;
				CLANG_WARN_BLOCK_CAPTURE_AUTORELEASING = YES;
				CLANG_WARN_BOOL_CONVERSION = YES;
				CLANG_WARN_COMMA = YES;
				CLANG_WARN_CONSTANT_CONVERSION = YES;
				CLANG_WARN_DEPRECATED_OBJC_IMPLEMENTATIONS = YES;
				CLANG_WARN_DIRECT_OBJC_ISA_USAGE = YES_ERROR;
				CLANG_WARN_EMPTY_BODY = YES;
				CLANG_WARN_ENUM_CONVERSION = YES;
				CLANG_WARN_INFINITE_RECURSION = YES;
				CLANG_WARN_INT_CONVERSION = YES;
				CLANG_WARN_NON_LITERAL_NULL_CONVERSION = YES;
				CLANG_WARN_OBJC_IMPLICIT_RETAIN_SELF = YES;
				CLANG_WARN_OBJC_LITERAL_CONVERSION = YES;
				CLANG_WARN_OBJC_ROOT_CLASS = YES_ERROR;
				CLANG_WARN_QUOTED_INCLUDE_IN_FRAMEWORK_HEADER = YES;
				CLANG_WARN_RANGE_LOOP_ANALYSIS = YES;
				CLANG_WARN_STRICT_PROTOTYPES = YES;
				CLANG_WARN_SUSPICIOUS_MOVE = YES;
				CLANG_WARN_UNREACHABLE_CODE = YES;
				CLANG_WARN__DUPLICATE_METHOD_MATCH = YES;
				"CODE_SIGN_IDENTITY[sdk=iphoneos*]" = "iPhone Developer";
				COPY_PHASE_STRIP = YES;
				ENABLE_NS_ASSERTIONS = NO;
				ENABLE_STRICT_OBJC_MSGSEND = YES;
				"EXCLUDED_ARCHS[sdk=iphonesimulator*]" = "";
				GCC_C_LANGUAGE_STANDARD = gnu99;
				GCC_NO_COMMON_BLOCKS = YES;
				GCC_WARN_64_TO_32_BIT_CONVERSION = YES;
				GCC_WARN_ABOUT_RETURN_TYPE = YES_ERROR;
				GCC_WARN_UNDECLARED_SELECTOR = YES;
				GCC_WARN_UNINITIALIZED_AUTOS = YES_AGGRESSIVE;
				GCC_WARN_UNUSED_FUNCTION = YES;
				GCC_WARN_UNUSED_VARIABLE = YES;
				IPHONEOS_DEPLOYMENT_TARGET = 15.1;
				LD_RUNPATH_SEARCH_PATHS = (
					/usr/lib/swift,
					"$(inherited)",
				);
				LIBRARY_SEARCH_PATHS = (
					"\"$(SDKROOT)/usr/lib/swift\"",
					"\"$(TOOLCHAIN_DIR)/usr/lib/swift/$(PLATFORM_NAME)\"",
					"\"$(inherited)\"",
				);
				MTL_ENABLE_DEBUG_INFO = NO;
				OTHER_CPLUSPLUSFLAGS = (
					"$(OTHER_CFLAGS)",
					"-DFOLLY_NO_CONFIG",
					"-DFOLLY_MOBILE=1",
					"-DFOLLY_USE_LIBCPP=1",
					"-DFOLLY_CFG_NO_COROUTINES=1",
					"-DFOLLY_HAVE_CLOCK_GETTIME=1",
				);
				SDKROOT = iphoneos;
				VALIDATE_PRODUCT = YES;
			};
			name = Release;
		};
/* End XCBuildConfiguration section */

/* Begin XCConfigurationList section */
		13B07F931A680F5B00A75B9A /* Build configuration list for PBXNativeTarget "hmdrinks" */ = {
			isa = XCConfigurationList;
			buildConfigurations = (
				13B07F941A680F5B00A75B9A /* Debug */,
				13B07F951A680F5B00A75B9A /* Release */,
			);
			defaultConfigurationIsVisible = 0;
			defaultConfigurationName = Release;
		};
		83CBB9FA1A601CBA00E9B192 /* Build configuration list for PBXProject "hmdrinks" */ = {
			isa = XCConfigurationList;
			buildConfigurations = (
				83CBBA201A601CBA00E9B192 /* Debug */,
				83CBBA211A601CBA00E9B192 /* Release */,
			);
			defaultConfigurationIsVisible = 0;
			defaultConfigurationName = Release;
		};
/* End XCConfigurationList section */
	};
	rootObject = 83CBB9F71A601CBA00E9B192 /* Project object */;
}
